// !$*UTF8*$!
{
	archiveVersion = 1;
	classes = {
	};
	objectVersion = 46;
	objects = {

/* Begin PBXBuildFile section */
		BCCD4E6D1C0BFF330006A6D8 /* main.m in Sources */ = {isa = PBXBuildFile; fileRef = BCCD4E6C1C0BFF330006A6D8 /* main.m */; };
		BCCD4E701C0BFF330006A6D8 /* AppDelegate.m in Sources */ = {isa = PBXBuildFile; fileRef = BCCD4E6F1C0BFF330006A6D8 /* AppDelegate.m */; };
		BCCD4E731C0BFF330006A6D8 /* ViewController.m in Sources */ = {isa = PBXBuildFile; fileRef = BCCD4E721C0BFF330006A6D8 /* ViewController.m */; };
		BCCD4E761C0BFF330006A6D8 /* Main.storyboard in Resources */ = {isa = PBXBuildFile; fileRef = BCCD4E741C0BFF330006A6D8 /* Main.storyboard */; };
		BCCD4E781C0BFF330006A6D8 /* Images.xcassets in Resources */ = {isa = PBXBuildFile; fileRef = BCCD4E771C0BFF330006A6D8 /* Images.xcassets */; };
		BCCD4E7B1C0BFF330006A6D8 /* LaunchScreen.xib in Resources */ = {isa = PBXBuildFile; fileRef = BCCD4E791C0BFF330006A6D8 /* LaunchScreen.xib */; };
		BCCD4E871C0BFF330006A6D8 /* GIToooTests.m in Sources */ = {isa = PBXBuildFile; fileRef = BCCD4E861C0BFF330006A6D8 /* GIToooTests.m */; };
/* End PBXBuildFile section */

/* Begin PBXContainerItemProxy section */
		BCCD4E811C0BFF330006A6D8 /* PBXContainerItemProxy */ = {
			isa = PBXContainerItemProxy;
			containerPortal = BCCD4E5F1C0BFF330006A6D8 /* Project object */;
			proxyType = 1;
			remoteGlobalIDString = BCCD4E661C0BFF330006A6D8;
			remoteInfo = GITooo;
		};
/* End PBXContainerItemProxy section */

/* Begin PBXFileReference section */
		BCCD4E671C0BFF330006A6D8 /* GITooo.app */ = {isa = PBXFileReference; explicitFileType = wrapper.application; includeInIndex = 0; path = GITooo.app; sourceTree = BUILT_PRODUCTS_DIR; };
		BCCD4E6B1C0BFF330006A6D8 /* Info.plist */ = {isa = PBXFileReference; lastKnownFileType = text.plist.xml; path = Info.plist; sourceTree = "<group>"; };
		BCCD4E6C1C0BFF330006A6D8 /* main.m */ = {isa = PBXFileReference; lastKnownFileType = sourcecode.c.objc; path = main.m; sourceTree = "<group>"; };
		BCCD4E6E1C0BFF330006A6D8 /* AppDelegate.h */ = {isa = PBXFileReference; lastKnownFileType = sourcecode.c.h; path = AppDelegate.h; sourceTree = "<group>"; };
		BCCD4E6F1C0BFF330006A6D8 /* AppDelegate.m */ = {isa = PBXFileReference; lastKnownFileType = sourcecode.c.objc; path = AppDelegate.m; sourceTree = "<group>"; };
		BCCD4E711C0BFF330006A6D8 /* ViewController.h */ = {isa = PBXFileReference; lastKnownFileType = sourcecode.c.h; path = ViewController.h; sourceTree = "<group>"; };
		BCCD4E721C0BFF330006A6D8 /* ViewController.m */ = {isa = PBXFileReference; lastKnownFileType = sourcecode.c.objc; path = ViewController.m; sourceTree = "<group>"; };
		BCCD4E751C0BFF330006A6D8 /* Base */ = {isa = PBXFileReference; lastKnownFileType = file.storyboard; name = Base; path = Base.lproj/Main.storyboard; sourceTree = "<group>"; };
		BCCD4E771C0BFF330006A6D8 /* Images.xcassets */ = {isa = PBXFileReference; lastKnownFileType = folder.assetcatalog; path = Images.xcassets; sourceTree = "<group>"; };
		BCCD4E7A1C0BFF330006A6D8 /* Base */ = {isa = PBXFileReference; lastKnownFileType = file.xib; name = Base; path = Base.lproj/LaunchScreen.xib; sourceTree = "<group>"; };
		BCCD4E801C0BFF330006A6D8 /* GIToooTests.xctest */ = {isa = PBXFileReference; explicitFileType = wrapper.cfbundle; includeInIndex = 0; path = GIToooTests.xctest; sourceTree = BUILT_PRODUCTS_DIR; };
		BCCD4E851C0BFF330006A6D8 /* Info.plist */ = {isa = PBXFileReference; lastKnownFileType = text.plist.xml; path = Info.plist; sourceTree = "<group>"; };
		BCCD4E861C0BFF330006A6D8 /* GIToooTests.m */ = {isa = PBXFileReference; lastKnownFileType = sourcecode.c.objc; path = GIToooTests.m; sourceTree = "<group>"; };
/* End PBXFileReference section */

/* Begin PBXFrameworksBuildPhase section */
		BCCD4E641C0BFF330006A6D8 /* Frameworks */ = {
			isa = PBXFrameworksBuildPhase;
			buildActionMask = 2147483647;
			files = (
			);
			runOnlyForDeploymentPostprocessing = 0;
		};
		BCCD4E7D1C0BFF330006A6D8 /* Frameworks */ = {
			isa = PBXFrameworksBuildPhase;
			buildActionMask = 2147483647;
			files = (
			);
			runOnlyForDeploymentPostprocessing = 0;
		};
/* End PBXFrameworksBuildPhase section */

/* Begin PBXGroup section */
		BCCD4E5E1C0BFF330006A6D8 = {
			isa = PBXGroup;
			children = (
				BCCD4E691C0BFF330006A6D8 /* GITooo */,
				BCCD4E831C0BFF330006A6D8 /* GIToooTests */,
				BCCD4E681C0BFF330006A6D8 /* Products */,
			);
			sourceTree = "<group>";
		};
		BCCD4E681C0BFF330006A6D8 /* Products */ = {
			isa = PBXGroup;
			children = (
				BCCD4E671C0BFF330006A6D8 /* GITooo.app */,
				BCCD4E801C0BFF330006A6D8 /* GIToooTests.xctest */,
			);
			name = Products;
			sourceTree = "<group>";
		};
		BCCD4E691C0BFF330006A6D8 /* GITooo */ = {
			isa = PBXGroup;
			children = (
				BCCD4E6E1C0BFF330006A6D8 /* AppDelegate.h */,
				BCCD4E6F1C0BFF330006A6D8 /* AppDelegate.m */,
				BCCD4E711C0BFF330006A6D8 /* ViewController.h */,
				BCCD4E721C0BFF330006A6D8 /* ViewController.m */,
				BCCD4E741C0BFF330006A6D8 /* Main.storyboard */,
				BCCD4E771C0BFF330006A6D8 /* Images.xcassets */,
				BCCD4E791C0BFF330006A6D8 /* LaunchScreen.xib */,
				BCCD4E6A1C0BFF330006A6D8 /* Supporting Files */,
			);
			path = GITooo;
			sourceTree = "<group>";
		};
		BCCD4E6A1C0BFF330006A6D8 /* Supporting Files */ = {
			isa = PBXGroup;
			children = (
				BCCD4E6B1C0BFF330006A6D8 /* Info.plist */,
				BCCD4E6C1C0BFF330006A6D8 /* main.m */,
			);
			name = "Supporting Files";
			sourceTree = "<group>";
		};
		BCCD4E831C0BFF330006A6D8 /* GIToooTests */ = {
			isa = PBXGroup;
			children = (
				BCCD4E861C0BFF330006A6D8 /* GIToooTests.m */,
				BCCD4E841C0BFF330006A6D8 /* Supporting Files */,
			);
			path = GIToooTests;
			sourceTree = "<group>";
		};
		BCCD4E841C0BFF330006A6D8 /* Supporting Files */ = {
			isa = PBXGroup;
			children = (
				BCCD4E851C0BFF330006A6D8 /* Info.plist */,
			);
			name = "Supporting Files";
			sourceTree = "<group>";
		};
/* End PBXGroup section */

/* Begin PBXNativeTarget section */
		BCCD4E661C0BFF330006A6D8 /* GITooo */ = {
			isa = PBXNativeTarget;
			buildConfigurationList = BCCD4E8A1C0BFF330006A6D8 /* Build configuration list for PBXNativeTarget "GITooo" */;
			buildPhases = (
				BCCD4E631C0BFF330006A6D8 /* Sources */,
				BCCD4E641C0BFF330006A6D8 /* Frameworks */,
				BCCD4E651C0BFF330006A6D8 /* Resources */,
			);
			buildRules = (
			);
			dependencies = (
			);
			name = GITooo;
			productName = GITooo;
			productReference = BCCD4E671C0BFF330006A6D8 /* GITooo.app */;
			productType = "com.apple.product-type.application";
		};
		BCCD4E7F1C0BFF330006A6D8 /* GIToooTests */ = {
			isa = PBXNativeTarget;
			buildConfigurationList = BCCD4E8D1C0BFF330006A6D8 /* Build configuration list for PBXNativeTarget "GIToooTests" */;
			buildPhases = (
				BCCD4E7C1C0BFF330006A6D8 /* Sources */,
				BCCD4E7D1C0BFF330006A6D8 /* Frameworks */,
				BCCD4E7E1C0BFF330006A6D8 /* Resources */,
			);
			buildRules = (
			);
			dependencies = (
				BCCD4E821C0BFF330006A6D8 /* PBXTargetDependency */,
			);
			name = GIToooTests;
			productName = GIToooTests;
			productReference = BCCD4E801C0BFF330006A6D8 /* GIToooTests.xctest */;
			productType = "com.apple.product-type.bundle.unit-test";
		};
/* End PBXNativeTarget section */

/* Begin PBXProject section */
		BCCD4E5F1C0BFF330006A6D8 /* Project object */ = {
			isa = PBXProject;
			attributes = {
				LastUpgradeCheck = 0600;
				ORGANIZATIONNAME = qianfeng;
				TargetAttributes = {
					BCCD4E661C0BFF330006A6D8 = {
						CreatedOnToolsVersion = 6.0.1;
					};
					BCCD4E7F1C0BFF330006A6D8 = {
						CreatedOnToolsVersion = 6.0.1;
						TestTargetID = BCCD4E661C0BFF330006A6D8;
					};
				};
			};
			buildConfigurationList = BCCD4E621C0BFF330006A6D8 /* Build configuration list for PBXProject "GITooo" */;
			compatibilityVersion = "Xcode 3.2";
			developmentRegion = English;
			hasScannedForEncodings = 0;
			knownRegions = (
				en,
				Base,
			);
			mainGroup = BCCD4E5E1C0BFF330006A6D8;
			productRefGroup = BCCD4E681C0BFF330006A6D8 /* Products */;
			projectDirPath = "";
			projectRoot = "";
			targets = (
				BCCD4E661C0BFF330006A6D8 /* GITooo */,
				BCCD4E7F1C0BFF330006A6D8 /* GIToooTests */,
			);
		};
/* End PBXProject section */

/* Begin PBXResourcesBuildPhase section */
		BCCD4E651C0BFF330006A6D8 /* Resources */ = {
			isa = PBXResourcesBuildPhase;
			buildActionMask = 2147483647;
			files = (
				BCCD4E761C0BFF330006A6D8 /* Main.storyboard in Resources */,
				BCCD4E7B1C0BFF330006A6D8 /* LaunchScreen.xib in Resources */,
				BCCD4E781C0BFF330006A6D8 /* Images.xcassets in Resources */,
			);
			runOnlyForDeploymentPostprocessing = 0;
		};
		BCCD4E7E1C0BFF330006A6D8 /* Resources */ = {
			isa = PBXResourcesBuildPhase;
			buildActionMask = 2147483647;
			files = (
			);
			runOnlyForDeploymentPostprocessing = 0;
		};
/* End PBXResourcesBuildPhase section */

/* Begin PBXSourcesBuildPhase section */
		BCCD4E631C0BFF330006A6D8 /* Sources */ = {
			isa = PBXSourcesBuildPhase;
			buildActionMask = 2147483647;
			files = (
				BCCD4E731C0BFF330006A6D8 /* ViewController.m in Sources */,
				BCCD4E701C0BFF330006A6D8 /* AppDelegate.m in Sources */,
				BCCD4E6D1C0BFF330006A6D8 /* main.m in Sources */,
			);
			runOnlyForDeploymentPostprocessing = 0;
		};
		BCCD4E7C1C0BFF330006A6D8 /* Sources */ = {
			isa = PBXSourcesBuildPhase;
			buildActionMask = 2147483647;
			files = (
				BCCD4E871C0BFF330006A6D8 /* GIToooTests.m in Sources */,
			);
			runOnlyForDeploymentPostprocessing = 0;
		};
/* End PBXSourcesBuildPhase section */

/* Begin PBXTargetDependency section */
		BCCD4E821C0BFF330006A6D8 /* PBXTargetDependency */ = {
			isa = PBXTargetDependency;
			target = BCCD4E661C0BFF330006A6D8 /* GITooo */;
			targetProxy = BCCD4E811C0BFF330006A6D8 /* PBXContainerItemProxy */;
		};
/* End PBXTargetDependency section */

/* Begin PBXVariantGroup section */
		BCCD4E741C0BFF330006A6D8 /* Main.storyboard */ = {
			isa = PBXVariantGroup;
			children = (
				BCCD4E751C0BFF330006A6D8 /* Base */,
			);
			name = Main.storyboard;
			sourceTree = "<group>";
		};
		BCCD4E791C0BFF330006A6D8 /* LaunchScreen.xib */ = {
			isa = PBXVariantGroup;
			children = (
				BCCD4E7A1C0BFF330006A6D8 /* Base */,
			);
			name = LaunchScreen.xib;
			sourceTree = "<group>";
		};
/* End PBXVariantGroup section */

/* Begin XCBuildConfiguration section */
		BCCD4E881C0BFF330006A6D8 /* Debug */ = {
			isa = XCBuildConfiguration;
			buildSettings = {
				ALWAYS_SEARCH_USER_PATHS = NO;
				CLANG_CXX_LANGUAGE_STANDARD = "gnu++0x";
				CLANG_CXX_LIBRARY = "libc++";
				CLANG_ENABLE_MODULES = YES;
				CLANG_ENABLE_OBJC_ARC = YES;
				CLANG_WARN_BOOL_CONVERSION = YES;
				CLANG_WARN_CONSTANT_CONVERSION = YES;
				CLANG_WARN_DIRECT_OBJC_ISA_USAGE = YES_ERROR;
				CLANG_WARN_EMPTY_BODY = YES;
				CLANG_WARN_ENUM_CONVERSION = YES;
				CLANG_WARN_INT_CONVERSION = YES;
				CLANG_WARN_OBJC_ROOT_CLASS = YES_ERROR;
				CLANG_WARN_UNREACHABLE_CODE = YES;
				CLANG_WARN__DUPLICATE_METHOD_MATCH = YES;
				"CODE_SIGN_IDENTITY[sdk=iphoneos*]" = "iPhone Developer";
				COPY_PHASE_STRIP = NO;
				ENABLE_STRICT_OBJC_MSGSEND = YES;
				GCC_C_LANGUAGE_STANDARD = gnu99;
				GCC_DYNAMIC_NO_PIC = NO;
				GCC_OPTIMIZATION_LEVEL = 0;
				GCC_PREPROCESSOR_DEFINITIONS = (
					"DEBUG=1",
					"$(inherited)",
				);
				GCC_SYMBOLS_PRIVATE_EXTERN = NO;
				GCC_WARN_64_TO_32_BIT_CONVERSION = YES;
				GCC_WARN_ABOUT_RETURN_TYPE = YES_ERROR;
				GCC_WARN_UNDECLARED_SELECTOR = YES;
				GCC_WARN_UNINITIALIZED_AUTOS = YES_AGGRESSIVE;
				GCC_WARN_UNUSED_FUNCTION = YES;
				GCC_WARN_UNUSED_VARIABLE = YES;
				IPHONEOS_DEPLOYMENT_TARGET = 8.0;
				MTL_ENABLE_DEBUG_INFO = YES;
				ONLY_ACTIVE_ARCH = YES;
				SDKROOT = iphoneos;
			};
			name = Debug;
		};
		BCCD4E891C0BFF330006A6D8 /* Release */ = {
			isa = XCBuildConfiguration;
			buildSettings = {
				ALWAYS_SEARCH_USER_PATHS = NO;
				CLANG_CXX_LANGUAGE_STANDARD = "gnu++0x";
				CLANG_CXX_LIBRARY = "libc++";
				CLANG_ENABLE_MODULES = YES;
				CLANG_ENABLE_OBJC_ARC = YES;
				CLANG_WARN_BOOL_CONVERSION = YES;
				CLANG_WARN_CONSTANT_CONVERSION = YES;
				CLANG_WARN_DIRECT_OBJC_ISA_USAGE = YES_ERROR;
				CLANG_WARN_EMPTY_BODY = YES;
				CLANG_WARN_ENUM_CONVERSION = YES;
				CLANG_WARN_INT_CONVERSION = YES;
				CLANG_WARN_OBJC_ROOT_CLASS = YES_ERROR;
				CLANG_WARN_UNREACHABLE_CODE = YES;
				CLANG_WARN__DUPLICATE_METHOD_MATCH = YES;
				"CODE_SIGN_IDENTITY[sdk=iphoneos*]" = "iPhone Developer";
				COPY_PHASE_STRIP = YES;
				ENABLE_NS_ASSERTIONS = NO;
				ENABLE_STRICT_OBJC_MSGSEND = YES;
				GCC_C_LANGUAGE_STANDARD = gnu99;
				GCC_WARN_64_TO_32_BIT_CONVERSION = YES;
				GCC_WARN_ABOUT_RETURN_TYPE = YES_ERROR;
				GCC_WARN_UNDECLARED_SELECTOR = YES;
				GCC_WARN_UNINITIALIZED_AUTOS = YES_AGGRESSIVE;
				GCC_WARN_UNUSED_FUNCTION = YES;
				GCC_WARN_UNUSED_VARIABLE = YES;
				IPHONEOS_DEPLOYMENT_TARGET = 8.0;
				MTL_ENABLE_DEBUG_INFO = NO;
				SDKROOT = iphoneos;
				VALIDATE_PRODUCT = YES;
			};
			name = Release;
		};
		BCCD4E8B1C0BFF330006A6D8 /* Debug */ = {
			isa = XCBuildConfiguration;
			buildSettings = {
				ASSETCATALOG_COMPILER_APPICON_NAME = AppIcon;
				INFOPLIST_FILE = GITooo/Info.plist;
				LD_RUNPATH_SEARCH_PATHS = "$(inherited) @executable_path/Frameworks";
				PRODUCT_NAME = "$(TARGET_NAME)";
			};
			name = Debug;
		};
		BCCD4E8C1C0BFF330006A6D8 /* Release */ = {
			isa = XCBuildConfiguration;
			buildSettings = {
				ASSETCATALOG_COMPILER_APPICON_NAME = AppIcon;
				INFOPLIST_FILE = GITooo/Info.plist;
				LD_RUNPATH_SEARCH_PATHS = "$(inherited) @executable_path/Frameworks";
				PRODUCT_NAME = "$(TARGET_NAME)";
			};
			name = Release;
		};
		BCCD4E8E1C0BFF330006A6D8 /* Debug */ = {
			isa = XCBuildConfiguration;
			buildSettings = {
				BUNDLE_LOADER = "$(TEST_HOST)";
				FRAMEWORK_SEARCH_PATHS = (
					"$(SDKROOT)/Developer/Library/Frameworks",
					"$(inherited)",
				);
				GCC_PREPROCESSOR_DEFINITIONS = (
					"DEBUG=1",
					"$(inherited)",
				);
				INFOPLIST_FILE = GIToooTests/Info.plist;
				LD_RUNPATH_SEARCH_PATHS = "$(inherited) @executable_path/Frameworks @loader_path/Frameworks";
				PRODUCT_NAME = "$(TARGET_NAME)";
				TEST_HOST = "$(BUILT_PRODUCTS_DIR)/GITooo.app/GITooo";
			};
			name = Debug;
		};
		BCCD4E8F1C0BFF330006A6D8 /* Release */ = {
			isa = XCBuildConfiguration;
			buildSettings = {
				BUNDLE_LOADER = "$(TEST_HOST)";
				FRAMEWORK_SEARCH_PATHS = (
					"$(SDKROOT)/Developer/Library/Frameworks",
					"$(inherited)",
				);
				INFOPLIST_FILE = GIToooTests/Info.plist;
				LD_RUNPATH_SEARCH_PATHS = "$(inherited) @executable_path/Frameworks @loader_path/Frameworks";
				PRODUCT_NAME = "$(TARGET_NAME)";
				TEST_HOST = "$(BUILT_PRODUCTS_DIR)/GITooo.app/GITooo";
			};
			name = Release;
		};
/* End XCBuildConfiguration section */

/* Begin XCConfigurationList section */
		BCCD4E621C0BFF330006A6D8 /* Build configuration list for PBXProject "GITooo" */ = {
			isa = XCConfigurationList;
			buildConfigurations = (
				BCCD4E881C0BFF330006A6D8 /* Debug */,
				BCCD4E891C0BFF330006A6D8 /* Release */,
			);
			defaultConfigurationIsVisible = 0;
			defaultConfigurationName = Release;
		};
		BCCD4E8A1C0BFF330006A6D8 /* Build configuration list for PBXNativeTarget "GITooo" */ = {
			isa = XCConfigurationList;
			buildConfigurations = (
				BCCD4E8B1C0BFF330006A6D8 /* Debug */,
				BCCD4E8C1C0BFF330006A6D8 /* Release */,
			);
			defaultConfigurationIsVisible = 0;
		};
		BCCD4E8D1C0BFF330006A6D8 /* Build configuration list for PBXNativeTarget "GIToooTests" */ = {
			isa = XCConfigurationList;
			buildConfigurations = (
				BCCD4E8E1C0BFF330006A6D8 /* Debug */,
				BCCD4E8F1C0BFF330006A6D8 /* Release */,
			);
			defaultConfigurationIsVisible = 0;
		};
/* End XCConfigurationList section */
	};
	rootObject = BCCD4E5F1C0BFF330006A6D8 /* Project object */;
}
